// !$*UTF8*$!
{
	archiveVersion = 1;
	classes = {
	};
	objectVersion = 46;
	objects = {

/* Begin PBXBuildFile section */
		18E79AA91F5579D100B79C6C /* AppDelegate.swift in Sources */ = {isa = PBXBuildFile; fileRef = 18E79AA81F5579D100B79C6C /* AppDelegate.swift */; };
		18E79AAB1F5579D100B79C6C /* ViewController.swift in Sources */ = {isa = PBXBuildFile; fileRef = 18E79AAA1F5579D100B79C6C /* ViewController.swift */; };
		18E79AAE1F5579D200B79C6C /* Main.storyboard in Resources */ = {isa = PBXBuildFile; fileRef = 18E79AAC1F5579D200B79C6C /* Main.storyboard */; };
		18E79AB01F5579D200B79C6C /* Assets.xcassets in Resources */ = {isa = PBXBuildFile; fileRef = 18E79AAF1F5579D200B79C6C /* Assets.xcassets */; };
		18E79AB31F5579D200B79C6C /* LaunchScreen.storyboard in Resources */ = {isa = PBXBuildFile; fileRef = 18E79AB11F5579D200B79C6C /* LaunchScreen.storyboard */; };
		18E79ABB1F557A8F00B79C6C /* CustomTableViewCell.swift in Sources */ = {isa = PBXBuildFile; fileRef = 18E79ABA1F557A8F00B79C6C /* CustomTableViewCell.swift */; };
		18E79ABD1F55843000B79C6C /* poster.jpg in Resources */ = {isa = PBXBuildFile; fileRef = 18E79ABC1F55843000B79C6C /* poster.jpg */; };
/* End PBXBuildFile section */

/* Begin PBXFileReference section */
		18E79AA51F5579D100B79C6C /* StretchableTableViewHeader.app */ = {isa = PBXFileReference; explicitFileType = wrapper.application; includeInIndex = 0; path = StretchableTableViewHeader.app; sourceTree = BUILT_PRODUCTS_DIR; };
		18E79AA81F5579D100B79C6C /* AppDelegate.swift */ = {isa = PBXFileReference; lastKnownFileType = sourcecode.swift; path = AppDelegate.swift; sourceTree = "<group>"; };
		18E79AAA1F5579D100B79C6C /* ViewController.swift */ = {isa = PBXFileReference; lastKnownFileType = sourcecode.swift; path = ViewController.swift; sourceTree = "<group>"; };
		18E79AAD1F5579D200B79C6C /* Base */ = {isa = PBXFileReference; lastKnownFileType = file.storyboard; name = Base; path = Base.lproj/Main.storyboard; sourceTree = "<group>"; };
		18E79AAF1F5579D200B79C6C /* Assets.xcassets */ = {isa = PBXFileReference; lastKnownFileType = folder.assetcatalog; path = Assets.xcassets; sourceTree = "<group>"; };
		18E79AB21F5579D200B79C6C /* Base */ = {isa = PBXFileReference; lastKnownFileType = file.storyboard; name = Base; path = Base.lproj/LaunchScreen.storyboard; sourceTree = "<group>"; };
		18E79AB41F5579D200B79C6C /* Info.plist */ = {isa = PBXFileReference; lastKnownFileType = text.plist.xml; path = Info.plist; sourceTree = "<group>"; };
		18E79ABA1F557A8F00B79C6C /* CustomTableViewCell.swift */ = {isa = PBXFileReference; fileEncoding = 4; lastKnownFileType = sourcecode.swift; path = CustomTableViewCell.swift; sourceTree = "<group>"; };
		18E79ABC1F55843000B79C6C /* poster.jpg */ = {isa = PBXFileReference; lastKnownFileType = image.jpeg; path = poster.jpg; sourceTree = "<group>"; };
/* End PBXFileReference section */

/* Begin PBXFrameworksBuildPhase section */
		18E79AA21F5579D100B79C6C /* Frameworks */ = {
			isa = PBXFrameworksBuildPhase;
			buildActionMask = 2147483647;
			files = (
			);
			runOnlyForDeploymentPostprocessing = 0;
		};
/* End PBXFrameworksBuildPhase section */

/* Begin PBXGroup section */
		18E79A9C1F5579D100B79C6C = {
			isa = PBXGroup;
			children = (
				18E79AA71F5579D100B79C6C /* StretchableTableViewHeader */,
				18E79AA61F5579D100B79C6C /* Products */,
			);
			sourceTree = "<group>";
		};
		18E79AA61F5579D100B79C6C /* Products */ = {
			isa = PBXGroup;
			children = (
				18E79AA51F5579D100B79C6C /* StretchableTableViewHeader.app */,
			);
			name = Products;
			sourceTree = "<group>";
		};
		18E79AA71F5579D100B79C6C /* StretchableTableViewHeader */ = {
			isa = PBXGroup;
			children = (
				18E79AA81F5579D100B79C6C /* AppDelegate.swift */,
				18E79AAA1F5579D100B79C6C /* ViewController.swift */,
				18E79ABA1F557A8F00B79C6C /* CustomTableViewCell.swift */,
				18E79AAC1F5579D200B79C6C /* Main.storyboard */,
				18E79AAF1F5579D200B79C6C /* Assets.xcassets */,
				18E79ABC1F55843000B79C6C /* poster.jpg */,
				18E79AB11F5579D200B79C6C /* LaunchScreen.storyboard */,
				18E79AB41F5579D200B79C6C /* Info.plist */,
			);
			path = StretchableTableViewHeader;
			sourceTree = "<group>";
		};
/* End PBXGroup section */

/* Begin PBXNativeTarget section */
		18E79AA41F5579D100B79C6C /* StretchableTableViewHeader */ = {
			isa = PBXNativeTarget;
			buildConfigurationList = 18E79AB71F5579D200B79C6C /* Build configuration list for PBXNativeTarget "StretchableTableViewHeader" */;
			buildPhases = (
				18E79AA11F5579D100B79C6C /* Sources */,
				18E79AA21F5579D100B79C6C /* Frameworks */,
				18E79AA31F5579D100B79C6C /* Resources */,
			);
			buildRules = (
			);
			dependencies = (
			);
			name = StretchableTableViewHeader;
			productName = StretchableTableViewHeader;
			productReference = 18E79AA51F5579D100B79C6C /* StretchableTableViewHeader.app */;
			productType = "com.apple.product-type.application";
		};
/* End PBXNativeTarget section */

/* Begin PBXProject section */
		18E79A9D1F5579D100B79C6C /* Project object */ = {
			isa = PBXProject;
			attributes = {
				LastSwiftUpdateCheck = 0830;
				LastUpgradeCheck = 0830;
				ORGANIZATIONNAME = Abhilash;
				TargetAttributes = {
					18E79AA41F5579D100B79C6C = {
						CreatedOnToolsVersion = 8.3.3;
						DevelopmentTeam = D5248MR3YC;
						ProvisioningStyle = Automatic;
					};
				};
			};
			buildConfigurationList = 18E79AA01F5579D100B79C6C /* Build configuration list for PBXProject "StretchableTableViewHeader" */;
			compatibilityVersion = "Xcode 3.2";
			developmentRegion = English;
			hasScannedForEncodings = 0;
			knownRegions = (
				en,
				Base,
			);
			mainGroup = 18E79A9C1F5579D100B79C6C;
			productRefGroup = 18E79AA61F5579D100B79C6C /* Products */;
			projectDirPath = "";
			projectRoot = "";
			targets = (
				18E79AA41F5579D100B79C6C /* StretchableTableViewHeader */,
			);
		};
/* End PBXProject section */

/* Begin PBXResourcesBuildPhase section */
		18E79AA31F5579D100B79C6C /* Resources */ = {
			isa = PBXResourcesBuildPhase;
			buildActionMask = 2147483647;
			files = (
				18E79AB31F5579D200B79C6C /* LaunchScreen.storyboard in Resources */,
				18E79AB01F5579D200B79C6C /* Assets.xcassets in Resources */,
				18E79ABD1F55843000B79C6C /* poster.jpg in Resources */,
				18E79AAE1F5579D200B79C6C /* Main.storyboard in Resources */,
			);
			runOnlyForDeploymentPostprocessing = 0;
		};
/* End PBXResourcesBuildPhase section */

/* Begin PBXSourcesBuildPhase section */
		18E79AA11F5579D100B79C6C /* Sources */ = {
			isa = PBXSourcesBuildPhase;
			buildActionMask = 2147483647;
			files = (
				18E79ABB1F557A8F00B79C6C /* CustomTableViewCell.swift in Sources */,
				18E79AAB1F5579D100B79C6C /* ViewController.swift in Sources */,
				18E79AA91F5579D100B79C6C /* AppDelegate.swift in Sources */,
			);
			runOnlyForDeploymentPostprocessing = 0;
		};
/* End PBXSourcesBuildPhase section */

/* Begin PBXVariantGroup section */
		18E79AAC1F5579D200B79C6C /* Main.storyboard */ = {
			isa = PBXVariantGroup;
			children = (
				18E79AAD1F5579D200B79C6C /* Base */,
			);
			name = Main.storyboard;
			sourceTree = "<group>";
		};
		18E79AB11F5579D200B79C6C /* LaunchScreen.storyboard */ = {
			isa = PBXVariantGroup;
			children = (
				18E79AB21F5579D200B79C6C /* Base */,
			);
			name = LaunchScreen.storyboard;
			sourceTree = "<group>";
		};
/* End PBXVariantGroup section */

/* Begin XCBuildConfiguration section */
		18E79AB51F5579D200B79C6C /* Debug */ = {
			isa = XCBuildConfiguration;
			buildSettings = {
				ALWAYS_SEARCH_USER_PATHS = NO;
				CLANG_ANALYZER_NONNULL = YES;
				CLANG_ANALYZER_NUMBER_OBJECT_CONVERSION = YES_AGGRESSIVE;
				CLANG_CXX_LANGUAGE_STANDARD = "gnu++0x";
				CLANG_CXX_LIBRARY = "libc++";
				CLANG_ENABLE_MODULES = YES;
				CLANG_ENABLE_OBJC_ARC = YES;
				CLANG_WARN_BOOL_CONVERSION = YES;
				CLANG_WARN_CONSTANT_CONVERSION = YES;
				CLANG_WARN_DIRECT_OBJC_ISA_USAGE = YES_ERROR;
				CLANG_WARN_DOCUMENTATION_COMMENTS = YES;
				CLANG_WARN_EMPTY_BODY = YES;
				CLANG_WARN_ENUM_CONVERSION = YES;
				CLANG_WARN_INFINITE_RECURSION = YES;
				CLANG_WARN_INT_CONVERSION = YES;
				CLANG_WARN_OBJC_ROOT_CLASS = YES_ERROR;
				CLANG_WARN_SUSPICIOUS_MOVE = YES;
				CLANG_WARN_UNREACHABLE_CODE = YES;
				CLANG_WARN__DUPLICATE_METHOD_MATCH = YES;
				"CODE_SIGN_IDENTITY[sdk=iphoneos*]" = "iPhone Developer";
				COPY_PHASE_STRIP = NO;
				DEBUG_INFORMATION_FORMAT = dwarf;
				ENABLE_STRICT_OBJC_MSGSEND = YES;
				ENABLE_TESTABILITY = YES;
				GCC_C_LANGUAGE_STANDARD = gnu99;
				GCC_DYNAMIC_NO_PIC = NO;
				GCC_NO_COMMON_BLOCKS = YES;
				GCC_OPTIMIZATION_LEVEL = 0;
				GCC_PREPROCESSOR_DEFINITIONS = (
					"DEBUG=1",
					"$(inherited)",
				);
				GCC_WARN_64_TO_32_BIT_CONVERSION = YES;
				GCC_WARN_ABOUT_RETURN_TYPE = YES_ERROR;
				GCC_WARN_UNDECLARED_SELECTOR = YES;
				GCC_WARN_UNINITIALIZED_AUTOS = YES_AGGRESSIVE;
				GCC_WARN_UNUSED_FUNCTION = YES;
				GCC_WARN_UNUSED_VARIABLE = YES;
				IPHONEOS_DEPLOYMENT_TARGET = 10.3;
				MTL_ENABLE_DEBUG_INFO = YES;
				ONLY_ACTIVE_ARCH = YES;
				SDKROOT = iphoneos;
				SWIFT_ACTIVE_COMPILATION_CONDITIONS = DEBUG;
				SWIFT_OPTIMIZATION_LEVEL = "-Onone";
				TARGETED_DEVICE_FAMILY = "1,2";
			};
			name = Debug;
		};
		18E79AB61F5579D200B79C6C /* Release */ = {
			isa = XCBuildConfiguration;
			buildSettings = {
				ALWAYS_SEARCH_USER_PATHS = NO;
				CLANG_ANALYZER_NONNULL = YES;
				CLANG_ANALYZER_NUMBER_OBJECT_CONVERSION = YES_AGGRESSIVE;
				CLANG_CXX_LANGUAGE_STANDARD = "gnu++0x";
				CLANG_CXX_LIBRARY = "libc++";
				CLANG_ENABLE_MODULES = YES;
				CLANG_ENABLE_OBJC_ARC = YES;
				CLANG_WARN_BOOL_CONVERSION = YES;
				CLANG_WARN_CONSTANT_CONVERSION = YES;
				CLANG_WARN_DIRECT_OBJC_ISA_USAGE = YES_ERROR;
				CLANG_WARN_DOCUMENTATION_COMMENTS = YES;
				CLANG_WARN_EMPTY_BODY = YES;
				CLANG_WARN_ENUM_CONVERSION = YES;
				CLANG_WARN_INFINITE_RECURSION = YES;
				CLANG_WARN_INT_CONVERSION = YES;
				CLANG_WARN_OBJC_ROOT_CLASS = YES_ERROR;
				CLANG_WARN_SUSPICIOUS_MOVE = YES;
				CLANG_WARN_UNREACHABLE_CODE = YES;
				CLANG_WARN__DUPLICATE_METHOD_MATCH = YES;
				"CODE_SIGN_IDENTITY[sdk=iphoneos*]" = "iPhone Developer";
				COPY_PHASE_STRIP = NO;
				DEBUG_INFORMATION_FORMAT = "dwarf-with-dsym";
				ENABLE_NS_ASSERTIONS = NO;
				ENABLE_STRICT_OBJC_MSGSEND = YES;
				GCC_C_LANGUAGE_STANDARD = gnu99;
				GCC_NO_COMMON_BLOCKS = YES;
				GCC_WARN_64_TO_32_BIT_CONVERSION = YES;
				GCC_WARN_ABOUT_RETURN_TYPE = YES_ERROR;
				GCC_WARN_UNDECLARED_SELECTOR = YES;
				GCC_WARN_UNINITIALIZED_AUTOS = YES_AGGRESSIVE;
				GCC_WARN_UNUSED_FUNCTION = YES;
				GCC_WARN_UNUSED_VARIABLE = YES;
				IPHONEOS_DEPLOYMENT_TARGET = 10.3;
				MTL_ENABLE_DEBUG_INFO = NO;
				SDKROOT = iphoneos;
				SWIFT_OPTIMIZATION_LEVEL = "-Owholemodule";
				TARGETED_DEVICE_FAMILY = "1,2";
				VALIDATE_PRODUCT = YES;
			};
			name = Release;
		};
		18E79AB81F5579D200B79C6C /* Debug */ = {
			isa = XCBuildConfiguration;
			buildSettings = {
				ASSETCATALOG_COMPILER_APPICON_NAME = AppIcon;
				DEVELOPMENT_TEAM = D5248MR3YC;
				INFOPLIST_FILE = StretchableTableViewHeader/Info.plist;
				LD_RUNPATH_SEARCH_PATHS = "$(inherited) @executable_path/Frameworks";
				PRODUCT_BUNDLE_IDENTIFIER = Abhilash.StretchableTableViewHeader;
				PRODUCT_NAME = "$(TARGET_NAME)";
				SWIFT_VERSION = 3.0;
			};
			name = Debug;
		};
		18E79AB91F5579D200B79C6C /* Release */ = {
			isa = XCBuildConfiguration;
			buildSettings = {
				ASSETCATALOG_COMPILER_APPICON_NAME = AppIcon;
				DEVELOPMENT_TEAM = D5248MR3YC;
				INFOPLIST_FILE = StretchableTableViewHeader/Info.plist;
				LD_RUNPATH_SEARCH_PATHS = "$(inherited) @executable_path/Frameworks";
				PRODUCT_BUNDLE_IDENTIFIER = Abhilash.StretchableTableViewHeader;
				PRODUCT_NAME = "$(TARGET_NAME)";
				SWIFT_VERSION = 3.0;
			};
			name = Release;
		};
/* End XCBuildConfiguration section */

/* Begin XCConfigurationList section */
		18E79AA01F5579D100B79C6C /* Build configuration list for PBXProject "StretchableTableViewHeader" */ = {
			isa = XCConfigurationList;
			buildConfigurations = (
				18E79AB51F5579D200B79C6C /* Debug */,
				18E79AB61F5579D200B79C6C /* Release */,
			);
			defaultConfigurationIsVisible = 0;
			defaultConfigurationName = Release;
		};
		18E79AB71F5579D200B79C6C /* Build configuration list for PBXNativeTarget "StretchableTableViewHeader" */ = {
			isa = XCConfigurationList;
			buildConfigurations = (
				18E79AB81F5579D200B79C6C /* Debug */,
				18E79AB91F5579D200B79C6C /* Release */,
			);
			defaultConfigurationIsVisible = 0;
		};
/* End XCConfigurationList section */
	};
	rootObject = 18E79A9D1F5579D100B79C6C /* Project object */;
}
